<?xml version="1.0" encoding="utf-8"?>
<Project ToolsVersion="4.0" xmlns="http://schemas.microsoft.com/developer/msbuild/2003">
  <ItemGroup>
    <Filter Include="General">
      <UniqueIdentifier>{4FC737F1-C7A5-4376-A066-2A32D752A2FF}</UniqueIdentifier>
      <Extensions>cpp;c;cc;cxx;def;odl;idl;hpj;bat;asm;asmx</Extensions>
    </Filter>
    <Filter Include="Assets">
      <UniqueIdentifier>{d53ade24-bbd4-4e8e-83ee-dadc17395086}</UniqueIdentifier>
    </Filter>
    <Filter Include="Assets\Shaders">
      <UniqueIdentifier>{1f1df2c0-e554-4eb3-84e5-89151213bd3c}</UniqueIdentifier>
    </Filter>
  </ItemGroup>
  <ItemGroup>
    <ClCompile Include="GameCommon.cpp">
      <Filter>General</Filter>
    </ClCompile>
    <ClCompile Include="Main.cpp">
      <Filter>General</Filter>
    </ClCompile>
    <ClCompile Include="VoxelRenderer\VoxelRenderer.cpp">
      <Filter>General</Filter>
    </ClCompile>
    <ClCompile Include="World\Block.cpp">
      <Filter>General</Filter>
    </ClCompile>
    <ClCompile Include="World\BlockDef.cpp">
      <Filter>General</Filter>
    </ClCompile>
    <ClCompile Include="World\Chunk.cpp">
      <Filter>General</Filter>
    </ClCompile>
    <ClCompile Include="World\World.cpp">
      <Filter>General</Filter>
    </ClCompile>
    <ClCompile Include="Utils\Config.cpp">
      <Filter>General</Filter>
    </ClCompile>
    <ClCompile Include="Utils\FileCache.cpp">
      <Filter>General</Filter>
    </ClCompile>
    <ClCompile Include="Gameplay\Entity.cpp">
      <Filter>General</Filter>
    </ClCompile>
    <ClCompile Include="Gameplay\Player.cpp">
      <Filter>General</Filter>
    </ClCompile>
    <ClCompile Include="Game.cpp">
      <Filter>General</Filter>
    </ClCompile>
    <ClCompile Include="Gameplay\FollowCamera.cpp">
      <Filter>General</Filter>
    </ClCompile>
    <ClCompile Include="Gameplay\Collision.cpp">
      <Filter>General</Filter>
    </ClCompile>
  </ItemGroup>
  <ItemGroup>
    <ClInclude Include="GameCommon.hpp">
      <Filter>General</Filter>
    </ClInclude>
    <ClInclude Include="EngineBuildPreferences.hpp" />
    <ClInclude Include="VoxelRenderer\VoxelRenderer.hpp" />
    <ClInclude Include="World\Block.hpp" />
    <ClInclude Include="World\BlockDef.hpp" />
    <ClInclude Include="World\Chunk.hpp" />
    <ClInclude Include="World\World.hpp" />
    <ClInclude Include="Utils\Config.hpp" />
    <ClInclude Include="Utils\FileCache.hpp" />
    <ClInclude Include="Gameplay\Entity.hpp" />
    <ClInclude Include="Gameplay\Player.hpp" />
    <ClInclude Include="Game.hpp" />
    <ClInclude Include="Gameplay\FollowCamera.hpp">
      <Filter>General</Filter>
    </ClInclude>
    <ClInclude Include="Gameplay\Collision.hpp" />
  </ItemGroup>
  <ItemGroup>
    <None Include="VoxelRenderer\Common.hlsli" />
    <None Include="VoxelRenderer\GenGBuffer.hlsli" />
    <None Include="VoxelRenderer\DeferredShading.hlsli" />
    <None Include="..\..\ReadMe.md" />
    <None Include="VoxelRenderer\Rt_Util.hlsli" />
  </ItemGroup>
  <ItemGroup>
    <FxCompile Include="VoxelRenderer\GenGBuffer_ps.hlsl" />
    <FxCompile Include="VoxelRenderer\GenGBuffer_vs.hlsl" />
    <FxCompile Include="VoxelRenderer\DeferredShading_ps.hlsl" />
    <FxCompile Include="VoxelRenderer\DeferredShading_vs.hlsl" />
    <FxCompile Include="VoxelRenderer\SSAO_cs.hlsl" />
    <FxCompile Include="VoxelRenderer\Rt_voxelRayTracer_cs.hlsl" />
  </ItemGroup>
</Project>